// !$*UTF8*$!
{
	archiveVersion = 1;
	classes = {
	};
	objectVersion = 46;
	objects = {

/* Begin PBXFileReference section */
		0413EEEE1EB79AB8009FAEEB /* checkout.html */ = {isa = PBXFileReference; lastKnownFileType = text.html; path = checkout.html; sourceTree = "<group>"; };
		0413EEEF1EB7B457009FAEEB /* add.html */ = {isa = PBXFileReference; lastKnownFileType = text.html; path = add.html; sourceTree = "<group>"; };
		0413EEF01EB7C7B0009FAEEB /* user.html */ = {isa = PBXFileReference; lastKnownFileType = text.html; path = user.html; sourceTree = "<group>"; };
		0413EEF11EB7FAF9009FAEEB /* list_book.html */ = {isa = PBXFileReference; lastKnownFileType = text.html; path = list_book.html; sourceTree = "<group>"; };
		0413EEF21EB7FE4D009FAEEB /* list_check.html */ = {isa = PBXFileReference; lastKnownFileType = text.html; path = list_check.html; sourceTree = "<group>"; };
		0413EEF31EB8005A009FAEEB /* order_type.html */ = {isa = PBXFileReference; lastKnownFileType = text.html; path = order_type.html; sourceTree = "<group>"; };
		0413EEF41EB80A42009FAEEB /* add_student.html */ = {isa = PBXFileReference; lastKnownFileType = text.html; path = add_student.html; sourceTree = "<group>"; };
		0413EEF51EB80C8A009FAEEB /* delete_student.html */ = {isa = PBXFileReference; lastKnownFileType = text.html; path = delete_student.html; sourceTree = "<group>"; };
		0413EEF61EB80D82009FAEEB /* update_student.html */ = {isa = PBXFileReference; lastKnownFileType = text.html; path = update_student.html; sourceTree = "<group>"; };
		041F89591EAA919400C62A51 /* BorrowBook.html */ = {isa = PBXFileReference; lastKnownFileType = text.html; path = BorrowBook.html; sourceTree = "<group>"; };
		041F895B1EAAAD0C00C62A51 /* borrow_book.css */ = {isa = PBXFileReference; lastKnownFileType = text.css; path = borrow_book.css; sourceTree = "<group>"; };
		046EB78F1EB154370017BFDF /* DeleteBook.html */ = {isa = PBXFileReference; lastKnownFileType = text.html; path = DeleteBook.html; sourceTree = "<group>"; };
		046EB7901EB1577C0017BFDF /* UpdateBook.html */ = {isa = PBXFileReference; lastKnownFileType = text.html; path = UpdateBook.html; sourceTree = "<group>"; };
		046EB7911EB158160017BFDF /* History.html */ = {isa = PBXFileReference; lastKnownFileType = text.html; path = History.html; sourceTree = "<group>"; };
		046EB7921EB15ADB0017BFDF /* MainPage.html */ = {isa = PBXFileReference; lastKnownFileType = text.html; path = MainPage.html; sourceTree = "<group>"; };
		0486A9C21EB36DBD00FB03B2 /* Login.html */ = {isa = PBXFileReference; lastKnownFileType = text.html; path = Login.html; sourceTree = "<group>"; };
		0486A9C31EB3D58300FB03B2 /* Access.html */ = {isa = PBXFileReference; lastKnownFileType = text.html; path = Access.html; sourceTree = "<group>"; };
		0486A9C41EB3DFE100FB03B2 /* student_page.html */ = {isa = PBXFileReference; lastKnownFileType = text.html; path = student_page.html; sourceTree = "<group>"; };
		048771C11EB5016600263594 /* test.html */ = {isa = PBXFileReference; lastKnownFileType = text.html; path = test.html; sourceTree = "<group>"; };
		048771C21EB542E900263594 /* teacher_page.html */ = {isa = PBXFileReference; lastKnownFileType = text.html; path = teacher_page.html; sourceTree = "<group>"; };
		048771C31EB56BF600263594 /* Admin_page.html */ = {isa = PBXFileReference; lastKnownFileType = text.html; path = Admin_page.html; sourceTree = "<group>"; };
		048771C41EB57C6E00263594 /* Search.html */ = {isa = PBXFileReference; lastKnownFileType = text.html; path = Search.html; sourceTree = "<group>"; };
		04D8129A1EB6C45A00E68C4A /* Success.html */ = {isa = PBXFileReference; lastKnownFileType = text.html; path = Success.html; sourceTree = "<group>"; };
		04D8129B1EB6DB3500E68C4A /* book_or_class.html */ = {isa = PBXFileReference; lastKnownFileType = text.html; path = book_or_class.html; sourceTree = "<group>"; };
		04D8129C1EB6E77100E68C4A /* meau.html */ = {isa = PBXFileReference; lastKnownFileType = text.html; path = meau.html; sourceTree = "<group>"; };
		04D8129D1EB6EA9200E68C4A /* class.html */ = {isa = PBXFileReference; lastKnownFileType = text.html; path = class.html; sourceTree = "<group>"; };
/* End PBXFileReference section */

/* Begin PBXGroup section */
		041F89501EAA848D00C62A51 = {
			isa = PBXGroup;
			children = (
				0413EEF61EB80D82009FAEEB /* update_student.html */,
				0413EEF51EB80C8A009FAEEB /* delete_student.html */,
				0413EEF41EB80A42009FAEEB /* add_student.html */,
				0413EEF31EB8005A009FAEEB /* order_type.html */,
				0413EEF21EB7FE4D009FAEEB /* list_check.html */,
				0413EEF11EB7FAF9009FAEEB /* list_book.html */,
				0413EEF01EB7C7B0009FAEEB /* user.html */,
				0413EEEF1EB7B457009FAEEB /* add.html */,
				0413EEEE1EB79AB8009FAEEB /* checkout.html */,
				04D8129D1EB6EA9200E68C4A /* class.html */,
				04D8129C1EB6E77100E68C4A /* meau.html */,
				04D8129B1EB6DB3500E68C4A /* book_or_class.html */,
				04D8129A1EB6C45A00E68C4A /* Success.html */,
				048771C41EB57C6E00263594 /* Search.html */,
				048771C31EB56BF600263594 /* Admin_page.html */,
				048771C21EB542E900263594 /* teacher_page.html */,
				048771C11EB5016600263594 /* test.html */,
				0486A9C41EB3DFE100FB03B2 /* student_page.html */,
				0486A9C31EB3D58300FB03B2 /* Access.html */,
				0486A9C21EB36DBD00FB03B2 /* Login.html */,
				046EB7921EB15ADB0017BFDF /* MainPage.html */,
				046EB7911EB158160017BFDF /* History.html */,
				046EB7901EB1577C0017BFDF /* UpdateBook.html */,
				046EB78F1EB154370017BFDF /* DeleteBook.html */,
				041F895B1EAAAD0C00C62A51 /* borrow_book.css */,
				041F89591EAA919400C62A51 /* BorrowBook.html */,
			);
			sourceTree = "<group>";
		};
/* End PBXGroup section */

/* Begin PBXProject section */
		041F89511EAA848D00C62A51 /* Project object */ = {
			isa = PBXProject;
			attributes = {
				LastUpgradeCheck = 0830;
			};
			buildConfigurationList = 041F89541EAA848D00C62A51 /* Build configuration list for PBXProject "Database" */;
			compatibilityVersion = "Xcode 3.2";
			developmentRegion = English;
			hasScannedForEncodings = 0;
			knownRegions = (
				en,
			);
			mainGroup = 041F89501EAA848D00C62A51;
			projectDirPath = "";
			projectRoot = "";
			targets = (
			);
		};
/* End PBXProject section */

/* Begin XCBuildConfiguration section */
		041F89551EAA848D00C62A51 /* Debug */ = {
			isa = XCBuildConfiguration;
			buildSettings = {
			};
			name = Debug;
		};
		041F89561EAA848D00C62A51 /* Release */ = {
			isa = XCBuildConfiguration;
			buildSettings = {
			};
			name = Release;
		};
/* End XCBuildConfiguration section */

/* Begin XCConfigurationList section */
		041F89541EAA848D00C62A51 /* Build configuration list for PBXProject "Database" */ = {
			isa = XCConfigurationList;
			buildConfigurations = (
				041F89551EAA848D00C62A51 /* Debug */,
				041F89561EAA848D00C62A51 /* Release */,
			);
			defaultConfigurationIsVisible = 0;
			defaultConfigurationName = Release;
		};
/* End XCConfigurationList section */
	};
	rootObject = 041F89511EAA848D00C62A51 /* Project object */;
}
